// !$*UTF8*$!
{
	archiveVersion = 1;
	classes = {
	};
	objectVersion = 50;
	objects = {

/* Begin PBXBuildFile section */
		F35B1CF0264E02AE00315997 /* AppDelegate.swift in Sources */ = {isa = PBXBuildFile; fileRef = F35B1CEF264E02AE00315997 /* AppDelegate.swift */; };
		F35B1CF2264E02AE00315997 /* ViewController.swift in Sources */ = {isa = PBXBuildFile; fileRef = F35B1CF1264E02AE00315997 /* ViewController.swift */; };
		F35B1CF4264E02AF00315997 /* Assets.xcassets in Resources */ = {isa = PBXBuildFile; fileRef = F35B1CF3264E02AF00315997 /* Assets.xcassets */; };
		F35B1CF7264E02AF00315997 /* Main.storyboard in Resources */ = {isa = PBXBuildFile; fileRef = F35B1CF5264E02AF00315997 /* Main.storyboard */; };
		F35B1E43264EC2E600315997 /* SharedSolar.framework in Frameworks */ = {isa = PBXBuildFile; fileRef = F35B1DD3264EAB1500315997 /* SharedSolar.framework */; };
		F35B1E44264EC2E600315997 /* SharedSolar.framework in Embed Frameworks */ = {isa = PBXBuildFile; fileRef = F35B1DD3264EAB1500315997 /* SharedSolar.framework */; settings = {ATTRIBUTES = (CodeSignOnCopy, RemoveHeadersOnCopy, ); }; };
/* End PBXBuildFile section */

/* Begin PBXContainerItemProxy section */
		F35B1DD0264EAB1500315997 /* PBXContainerItemProxy */ = {
			isa = PBXContainerItemProxy;
			containerPortal = F35B1DCA264EAB1500315997 /* SharedSolar.xcodeproj */;
			proxyType = 2;
			remoteGlobalIDString = F35B1CBF264DF42800315997;
			remoteInfo = "SharedSolar-iOS";
		};
		F35B1DD2264EAB1500315997 /* PBXContainerItemProxy */ = {
			isa = PBXContainerItemProxy;
			containerPortal = F35B1DCA264EAB1500315997 /* SharedSolar.xcodeproj */;
			proxyType = 2;
			remoteGlobalIDString = F35B1D1B264E099C00315997;
			remoteInfo = "SharedSolar-macOS";
		};
		F35B1DD4264EAB1500315997 /* PBXContainerItemProxy */ = {
			isa = PBXContainerItemProxy;
			containerPortal = F35B1DCA264EAB1500315997 /* SharedSolar.xcodeproj */;
			proxyType = 2;
			remoteGlobalIDString = F35B1D6D264E0F4700315997;
			remoteInfo = "SharedSolar-watchOS";
		};
		F35B1DD6264EAB1B00315997 /* PBXContainerItemProxy */ = {
			isa = PBXContainerItemProxy;
			containerPortal = F35B1DCA264EAB1500315997 /* SharedSolar.xcodeproj */;
			proxyType = 1;
			remoteGlobalIDString = F35B1D1A264E099C00315997;
			remoteInfo = "SharedSolar-macOS";
		};
		F35B1E41264EC2E600315997 /* PBXContainerItemProxy */ = {
			isa = PBXContainerItemProxy;
			containerPortal = F35B1DCA264EAB1500315997 /* SharedSolar.xcodeproj */;
			proxyType = 2;
			remoteGlobalIDString = F35B1E0A264EB44E00315997;
			remoteInfo = "SharedSolar-tvOS";
		};
/* End PBXContainerItemProxy section */

/* Begin PBXCopyFilesBuildPhase section */
		F35B1E45264EC2E600315997 /* Embed Frameworks */ = {
			isa = PBXCopyFilesBuildPhase;
			buildActionMask = 2147483647;
			dstPath = "";
			dstSubfolderSpec = 10;
			files = (
				F35B1E44264EC2E600315997 /* SharedSolar.framework in Embed Frameworks */,
			);
			name = "Embed Frameworks";
			runOnlyForDeploymentPostprocessing = 0;
		};
/* End PBXCopyFilesBuildPhase section */

/* Begin PBXFileReference section */
		F35B1CEC264E02AE00315997 /* macOS Example.app */ = {isa = PBXFileReference; explicitFileType = wrapper.application; includeInIndex = 0; path = "macOS Example.app"; sourceTree = BUILT_PRODUCTS_DIR; };
		F35B1CEF264E02AE00315997 /* AppDelegate.swift */ = {isa = PBXFileReference; lastKnownFileType = sourcecode.swift; path = AppDelegate.swift; sourceTree = "<group>"; };
		F35B1CF1264E02AE00315997 /* ViewController.swift */ = {isa = PBXFileReference; lastKnownFileType = sourcecode.swift; path = ViewController.swift; sourceTree = "<group>"; };
		F35B1CF3264E02AF00315997 /* Assets.xcassets */ = {isa = PBXFileReference; lastKnownFileType = folder.assetcatalog; path = Assets.xcassets; sourceTree = "<group>"; };
		F35B1CF6264E02AF00315997 /* Base */ = {isa = PBXFileReference; lastKnownFileType = file.storyboard; name = Base; path = Base.lproj/Main.storyboard; sourceTree = "<group>"; };
		F35B1CF8264E02AF00315997 /* Info.plist */ = {isa = PBXFileReference; lastKnownFileType = text.plist.xml; path = Info.plist; sourceTree = "<group>"; };
		F35B1CF9264E02AF00315997 /* macOS_Example.entitlements */ = {isa = PBXFileReference; lastKnownFileType = text.plist.entitlements; path = macOS_Example.entitlements; sourceTree = "<group>"; };
		F35B1DCA264EAB1500315997 /* SharedSolar.xcodeproj */ = {isa = PBXFileReference; lastKnownFileType = "wrapper.pb-project"; name = SharedSolar.xcodeproj; path = ../SharedSolar/SharedSolar.xcodeproj; sourceTree = "<group>"; };
/* End PBXFileReference section */

/* Begin PBXFrameworksBuildPhase section */
		F35B1CE9264E02AE00315997 /* Frameworks */ = {
			isa = PBXFrameworksBuildPhase;
			buildActionMask = 2147483647;
			files = (
				F35B1E43264EC2E600315997 /* SharedSolar.framework in Frameworks */,
			);
			runOnlyForDeploymentPostprocessing = 0;
		};
/* End PBXFrameworksBuildPhase section */

/* Begin PBXGroup section */
		F35B1CE3264E02AE00315997 = {
			isa = PBXGroup;
			children = (
				F35B1CEE264E02AE00315997 /* macOS Example */,
				F35B1CED264E02AE00315997 /* Products */,
				F35B1DC9264EAB1500315997 /* Frameworks */,
			);
			sourceTree = "<group>";
		};
		F35B1CED264E02AE00315997 /* Products */ = {
			isa = PBXGroup;
			children = (
				F35B1CEC264E02AE00315997 /* macOS Example.app */,
			);
			name = Products;
			sourceTree = "<group>";
		};
		F35B1CEE264E02AE00315997 /* macOS Example */ = {
			isa = PBXGroup;
			children = (
				F35B1CEF264E02AE00315997 /* AppDelegate.swift */,
				F35B1CF1264E02AE00315997 /* ViewController.swift */,
				F35B1CF3264E02AF00315997 /* Assets.xcassets */,
				F35B1CF5264E02AF00315997 /* Main.storyboard */,
				F35B1CF8264E02AF00315997 /* Info.plist */,
				F35B1CF9264E02AF00315997 /* macOS_Example.entitlements */,
			);
			path = "macOS Example";
			sourceTree = "<group>";
		};
		F35B1DC9264EAB1500315997 /* Frameworks */ = {
			isa = PBXGroup;
			children = (
				F35B1DCA264EAB1500315997 /* SharedSolar.xcodeproj */,
			);
			name = Frameworks;
			sourceTree = "<group>";
		};
		F35B1DCB264EAB1500315997 /* Products */ = {
			isa = PBXGroup;
			children = (
				F35B1DD1264EAB1500315997 /* SharedSolar.framework */,
				F35B1DD3264EAB1500315997 /* SharedSolar.framework */,
				F35B1DD5264EAB1500315997 /* SharedSolar.framework */,
				F35B1E42264EC2E600315997 /* SharedSolar.framework */,
			);
			name = Products;
			sourceTree = "<group>";
		};
/* End PBXGroup section */

/* Begin PBXNativeTarget section */
		F35B1CEB264E02AE00315997 /* macOS Example */ = {
			isa = PBXNativeTarget;
			buildConfigurationList = F35B1CFC264E02AF00315997 /* Build configuration list for PBXNativeTarget "macOS Example" */;
			buildPhases = (
				F35B1CE8264E02AE00315997 /* Sources */,
				F35B1CE9264E02AE00315997 /* Frameworks */,
				F35B1CEA264E02AE00315997 /* Resources */,
				F35B1E45264EC2E600315997 /* Embed Frameworks */,
			);
			buildRules = (
			);
			dependencies = (
				F35B1DD7264EAB1B00315997 /* PBXTargetDependency */,
			);
			name = "macOS Example";
			productName = "macOS Example";
			productReference = F35B1CEC264E02AE00315997 /* macOS Example.app */;
			productType = "com.apple.product-type.application";
		};
/* End PBXNativeTarget section */

/* Begin PBXProject section */
		F35B1CE4264E02AE00315997 /* Project object */ = {
			isa = PBXProject;
			attributes = {
				LastSwiftUpdateCheck = 1250;
				LastUpgradeCheck = 1250;
				TargetAttributes = {
					F35B1CEB264E02AE00315997 = {
						CreatedOnToolsVersion = 12.5;
					};
				};
			};
			buildConfigurationList = F35B1CE7264E02AE00315997 /* Build configuration list for PBXProject "macOS Example" */;
			compatibilityVersion = "Xcode 9.3";
			developmentRegion = en;
			hasScannedForEncodings = 0;
			knownRegions = (
				en,
				Base,
			);
			mainGroup = F35B1CE3264E02AE00315997;
			productRefGroup = F35B1CED264E02AE00315997 /* Products */;
			projectDirPath = "";
			projectReferences = (
				{
					ProductGroup = F35B1DCB264EAB1500315997 /* Products */;
					ProjectRef = F35B1DCA264EAB1500315997 /* SharedSolar.xcodeproj */;
				},
			);
			projectRoot = "";
			targets = (
				F35B1CEB264E02AE00315997 /* macOS Example */,
			);
		};
/* End PBXProject section */

/* Begin PBXReferenceProxy section */
		F35B1DD1264EAB1500315997 /* SharedSolar.framework */ = {
			isa = PBXReferenceProxy;
			fileType = wrapper.framework;
			path = SharedSolar.framework;
			remoteRef = F35B1DD0264EAB1500315997 /* PBXContainerItemProxy */;
			sourceTree = BUILT_PRODUCTS_DIR;
		};
		F35B1DD3264EAB1500315997 /* SharedSolar.framework */ = {
			isa = PBXReferenceProxy;
			fileType = wrapper.framework;
			path = SharedSolar.framework;
			remoteRef = F35B1DD2264EAB1500315997 /* PBXContainerItemProxy */;
			sourceTree = BUILT_PRODUCTS_DIR;
		};
		F35B1DD5264EAB1500315997 /* SharedSolar.framework */ = {
			isa = PBXReferenceProxy;
			fileType = wrapper.framework;
			path = SharedSolar.framework;
			remoteRef = F35B1DD4264EAB1500315997 /* PBXContainerItemProxy */;
			sourceTree = BUILT_PRODUCTS_DIR;
		};
		F35B1E42264EC2E600315997 /* SharedSolar.framework */ = {
			isa = PBXReferenceProxy;
			fileType = wrapper.framework;
			path = SharedSolar.framework;
			remoteRef = F35B1E41264EC2E600315997 /* PBXContainerItemProxy */;
			sourceTree = BUILT_PRODUCTS_DIR;
		};
/* End PBXReferenceProxy section */

/* Begin PBXResourcesBuildPhase section */
		F35B1CEA264E02AE00315997 /* Resources */ = {
			isa = PBXResourcesBuildPhase;
			buildActionMask = 2147483647;
			files = (
				F35B1CF4264E02AF00315997 /* Assets.xcassets in Resources */,
				F35B1CF7264E02AF00315997 /* Main.storyboard in Resources */,
			);
			runOnlyForDeploymentPostprocessing = 0;
		};
/* End PBXResourcesBuildPhase section */

/* Begin PBXSourcesBuildPhase section */
		F35B1CE8264E02AE00315997 /* Sources */ = {
			isa = PBXSourcesBuildPhase;
			buildActionMask = 2147483647;
			files = (
				F35B1CF2264E02AE00315997 /* ViewController.swift in Sources */,
				F35B1CF0264E02AE00315997 /* AppDelegate.swift in Sources */,
			);
			runOnlyForDeploymentPostprocessing = 0;
		};
/* End PBXSourcesBuildPhase section */

/* Begin PBXTargetDependency section */
		F35B1DD7264EAB1B00315997 /* PBXTargetDependency */ = {
			isa = PBXTargetDependency;
			name = "SharedSolar-macOS";
			targetProxy = F35B1DD6264EAB1B00315997 /* PBXContainerItemProxy */;
		};
/* End PBXTargetDependency section */

/* Begin PBXVariantGroup section */
		F35B1CF5264E02AF00315997 /* Main.storyboard */ = {
			isa = PBXVariantGroup;
			children = (
				F35B1CF6264E02AF00315997 /* Base */,
			);
			name = Main.storyboard;
			sourceTree = "<group>";
		};
/* End PBXVariantGroup section */

/* Begin XCBuildConfiguration section */
		F35B1CFA264E02AF00315997 /* Debug */ = {
			isa = XCBuildConfiguration;
			buildSettings = {
				ALWAYS_SEARCH_USER_PATHS = NO;
				CLANG_ANALYZER_NONNULL = YES;
				CLANG_ANALYZER_NUMBER_OBJECT_CONVERSION = YES_AGGRESSIVE;
				CLANG_CXX_LANGUAGE_STANDARD = "gnu++14";
				CLANG_CXX_LIBRARY = "libc++";
				CLANG_ENABLE_MODULES = YES;
				CLANG_ENABLE_OBJC_ARC = YES;
				CLANG_ENABLE_OBJC_WEAK = YES;
				CLANG_WARN_BLOCK_CAPTURE_AUTORELEASING = YES;
				CLANG_WARN_BOOL_CONVERSION = YES;
				CLANG_WARN_COMMA = YES;
				CLANG_WARN_CONSTANT_CONVERSION = YES;
				CLANG_WARN_DEPRECATED_OBJC_IMPLEMENTATIONS = YES;
				CLANG_WARN_DIRECT_OBJC_ISA_USAGE = YES_ERROR;
				CLANG_WARN_DOCUMENTATION_COMMENTS = YES;
				CLANG_WARN_EMPTY_BODY = YES;
				CLANG_WARN_ENUM_CONVERSION = YES;
				CLANG_WARN_INFINITE_RECURSION = YES;
				CLANG_WARN_INT_CONVERSION = YES;
				CLANG_WARN_NON_LITERAL_NULL_CONVERSION = YES;
				CLANG_WARN_OBJC_IMPLICIT_RETAIN_SELF = YES;
				CLANG_WARN_OBJC_LITERAL_CONVERSION = YES;
				CLANG_WARN_OBJC_ROOT_CLASS = YES_ERROR;
				CLANG_WARN_QUOTED_INCLUDE_IN_FRAMEWORK_HEADER = YES;
				CLANG_WARN_RANGE_LOOP_ANALYSIS = YES;
				CLANG_WARN_STRICT_PROTOTYPES = YES;
				CLANG_WARN_SUSPICIOUS_MOVE = YES;
				CLANG_WARN_UNGUARDED_AVAILABILITY = YES_AGGRESSIVE;
				CLANG_WARN_UNREACHABLE_CODE = YES;
				CLANG_WARN__DUPLICATE_METHOD_MATCH = YES;
				COPY_PHASE_STRIP = NO;
				DEBUG_INFORMATION_FORMAT = dwarf;
				ENABLE_STRICT_OBJC_MSGSEND = YES;
				ENABLE_TESTABILITY = YES;
				GCC_C_LANGUAGE_STANDARD = gnu11;
				GCC_DYNAMIC_NO_PIC = NO;
				GCC_NO_COMMON_BLOCKS = YES;
				GCC_OPTIMIZATION_LEVEL = 0;
				GCC_PREPROCESSOR_DEFINITIONS = (
					"DEBUG=1",
					"$(inherited)",
				);
				GCC_WARN_64_TO_32_BIT_CONVERSION = YES;
				GCC_WARN_ABOUT_RETURN_TYPE = YES_ERROR;
				GCC_WARN_UNDECLARED_SELECTOR = YES;
				GCC_WARN_UNINITIALIZED_AUTOS = YES_AGGRESSIVE;
				GCC_WARN_UNUSED_FUNCTION = YES;
				GCC_WARN_UNUSED_VARIABLE = YES;
				MACOSX_DEPLOYMENT_TARGET = 10.10;
				MTL_ENABLE_DEBUG_INFO = INCLUDE_SOURCE;
				MTL_FAST_MATH = YES;
				ONLY_ACTIVE_ARCH = YES;
				SDKROOT = macosx;
				SWIFT_ACTIVE_COMPILATION_CONDITIONS = DEBUG;
				SWIFT_OPTIMIZATION_LEVEL = "-Onone";
			};
			name = Debug;
		};
		F35B1CFB264E02AF00315997 /* Release */ = {
			isa = XCBuildConfiguration;
			buildSettings = {
				ALWAYS_SEARCH_USER_PATHS = NO;
				CLANG_ANALYZER_NONNULL = YES;
				CLANG_ANALYZER_NUMBER_OBJECT_CONVERSION = YES_AGGRESSIVE;
				CLANG_CXX_LANGUAGE_STANDARD = "gnu++14";
				CLANG_CXX_LIBRARY = "libc++";
				CLANG_ENABLE_MODULES = YES;
				CLANG_ENABLE_OBJC_ARC = YES;
				CLANG_ENABLE_OBJC_WEAK = YES;
				CLANG_WARN_BLOCK_CAPTURE_AUTORELEASING = YES;
				CLANG_WARN_BOOL_CONVERSION = YES;
				CLANG_WARN_COMMA = YES;
				CLANG_WARN_CONSTANT_CONVERSION = YES;
				CLANG_WARN_DEPRECATED_OBJC_IMPLEMENTATIONS = YES;
				CLANG_WARN_DIRECT_OBJC_ISA_USAGE = YES_ERROR;
				CLANG_WARN_DOCUMENTATION_COMMENTS = YES;
				CLANG_WARN_EMPTY_BODY = YES;
				CLANG_WARN_ENUM_CONVERSION = YES;
				CLANG_WARN_INFINITE_RECURSION = YES;
				CLANG_WARN_INT_CONVERSION = YES;
				CLANG_WARN_NON_LITERAL_NULL_CONVERSION = YES;
				CLANG_WARN_OBJC_IMPLICIT_RETAIN_SELF = YES;
				CLANG_WARN_OBJC_LITERAL_CONVERSION = YES;
				CLANG_WARN_OBJC_ROOT_CLASS = YES_ERROR;
				CLANG_WARN_QUOTED_INCLUDE_IN_FRAMEWORK_HEADER = YES;
				CLANG_WARN_RANGE_LOOP_ANALYSIS = YES;
				CLANG_WARN_STRICT_PROTOTYPES = YES;
				CLANG_WARN_SUSPICIOUS_MOVE = YES;
				CLANG_WARN_UNGUARDED_AVAILABILITY = YES_AGGRESSIVE;
				CLANG_WARN_UNREACHABLE_CODE = YES;
				CLANG_WARN__DUPLICATE_METHOD_MATCH = YES;
				COPY_PHASE_STRIP = NO;
				DEBUG_INFORMATION_FORMAT = "dwarf-with-dsym";
				ENABLE_NS_ASSERTIONS = NO;
				ENABLE_STRICT_OBJC_MSGSEND = YES;
				GCC_C_LANGUAGE_STANDARD = gnu11;
				GCC_NO_COMMON_BLOCKS = YES;
				GCC_WARN_64_TO_32_BIT_CONVERSION = YES;
				GCC_WARN_ABOUT_RETURN_TYPE = YES_ERROR;
				GCC_WARN_UNDECLARED_SELECTOR = YES;
				GCC_WARN_UNINITIALIZED_AUTOS = YES_AGGRESSIVE;
				GCC_WARN_UNUSED_FUNCTION = YES;
				GCC_WARN_UNUSED_VARIABLE = YES;
				MACOSX_DEPLOYMENT_TARGET = 10.10;
				MTL_ENABLE_DEBUG_INFO = NO;
				MTL_FAST_MATH = YES;
				SDKROOT = macosx;
				SWIFT_COMPILATION_MODE = wholemodule;
				SWIFT_OPTIMIZATION_LEVEL = "-O";
			};
			name = Release;
		};
		F35B1CFD264E02AF00315997 /* Debug */ = {
			isa = XCBuildConfiguration;
			buildSettings = {
				ASSETCATALOG_COMPILER_APPICON_NAME = AppIcon;
				ASSETCATALOG_COMPILER_GLOBAL_ACCENT_COLOR_NAME = AccentColor;
				CODE_SIGN_ENTITLEMENTS = "macOS Example/macOS_Example.entitlements";
				CODE_SIGN_STYLE = Manual;
				COMBINE_HIDPI_IMAGES = YES;
				DEVELOPMENT_TEAM = "";
				INFOPLIST_FILE = "macOS Example/Info.plist";
				IPHONEOS_DEPLOYMENT_TARGET = "";
				LD_RUNPATH_SEARCH_PATHS = (
					"$(inherited)",
					"@executable_path/../Frameworks",
				);
				MACOSX_DEPLOYMENT_TARGET = 10.10;
				PRODUCT_BUNDLE_IDENTIFIER = "com.rlxone.macOS-Example";
				PRODUCT_NAME = "$(TARGET_NAME)";
				PROVISIONING_PROFILE_SPECIFIER = "";
				SWIFT_VERSION = 5.0;
				TVOS_DEPLOYMENT_TARGET = "";
				WATCHOS_DEPLOYMENT_TARGET = "";
			};
			name = Debug;
		};
		F35B1CFE264E02AF00315997 /* Release */ = {
			isa = XCBuildConfiguration;
			buildSettings = {
				ASSETCATALOG_COMPILER_APPICON_NAME = AppIcon;
				ASSETCATALOG_COMPILER_GLOBAL_ACCENT_COLOR_NAME = AccentColor;
				CODE_SIGN_ENTITLEMENTS = "macOS Example/macOS_Example.entitlements";
				CODE_SIGN_STYLE = Manual;
				COMBINE_HIDPI_IMAGES = YES;
				DEVELOPMENT_TEAM = "";
				INFOPLIST_FILE = "macOS Example/Info.plist";
				IPHONEOS_DEPLOYMENT_TARGET = "";
				LD_RUNPATH_SEARCH_PATHS = (
					"$(inherited)",
					"@executable_path/../Frameworks",
				);
				MACOSX_DEPLOYMENT_TARGET = 10.10;
				PRODUCT_BUNDLE_IDENTIFIER = "com.rlxone.macOS-Example";
				PRODUCT_NAME = "$(TARGET_NAME)";
				PROVISIONING_PROFILE_SPECIFIER = "";
				SWIFT_VERSION = 5.0;
				TVOS_DEPLOYMENT_TARGET = "";
				WATCHOS_DEPLOYMENT_TARGET = "";
			};
			name = Release;
		};
/* End XCBuildConfiguration section */

/* Begin XCConfigurationList section */
		F35B1CE7264E02AE00315997 /* Build configuration list for PBXProject "macOS Example" */ = {
			isa = XCConfigurationList;
			buildConfigurations = (
				F35B1CFA264E02AF00315997 /* Debug */,
				F35B1CFB264E02AF00315997 /* Release */,
			);
			defaultConfigurationIsVisible = 0;
			defaultConfigurationName = Release;
		};
		F35B1CFC264E02AF00315997 /* Build configuration list for PBXNativeTarget "macOS Example" */ = {
			isa = XCConfigurationList;
			buildConfigurations = (
				F35B1CFD264E02AF00315997 /* Debug */,
				F35B1CFE264E02AF00315997 /* Release */,
			);
			defaultConfigurationIsVisible = 0;
			defaultConfigurationName = Release;
		};
/* End XCConfigurationList section */
	};
	rootObject = F35B1CE4264E02AE00315997 /* Project object */;
}
