// !$*UTF8*$!
{
	archiveVersion = 1;
	classes = {
	};
	objectVersion = 50;
	objects = {

/* Begin PBXBuildFile section */
		F35B1C81264DEDEB00315997 /* AppDelegate.swift in Sources */ = {isa = PBXBuildFile; fileRef = F35B1C80264DEDEB00315997 /* AppDelegate.swift */; };
		F35B1C83264DEDEB00315997 /* SceneDelegate.swift in Sources */ = {isa = PBXBuildFile; fileRef = F35B1C82264DEDEB00315997 /* SceneDelegate.swift */; };
		F35B1C85264DEDEB00315997 /* ViewController.swift in Sources */ = {isa = PBXBuildFile; fileRef = F35B1C84264DEDEB00315997 /* ViewController.swift */; };
		F35B1C88264DEDEB00315997 /* Main.storyboard in Resources */ = {isa = PBXBuildFile; fileRef = F35B1C86264DEDEB00315997 /* Main.storyboard */; };
		F35B1C8A264DEDEC00315997 /* Assets.xcassets in Resources */ = {isa = PBXBuildFile; fileRef = F35B1C89264DEDEC00315997 /* Assets.xcassets */; };
		F35B1C8D264DEDEC00315997 /* LaunchScreen.storyboard in Resources */ = {isa = PBXBuildFile; fileRef = F35B1C8B264DEDEC00315997 /* LaunchScreen.storyboard */; };
		F35B1E31264EC29300315997 /* SharedSolar.framework in Frameworks */ = {isa = PBXBuildFile; fileRef = F35B1DC2264EAAD400315997 /* SharedSolar.framework */; };
		F35B1E32264EC29300315997 /* SharedSolar.framework in Embed Frameworks */ = {isa = PBXBuildFile; fileRef = F35B1DC2264EAAD400315997 /* SharedSolar.framework */; settings = {ATTRIBUTES = (CodeSignOnCopy, RemoveHeadersOnCopy, ); }; };
/* End PBXBuildFile section */

/* Begin PBXContainerItemProxy section */
		F35B1DC1264EAAD400315997 /* PBXContainerItemProxy */ = {
			isa = PBXContainerItemProxy;
			containerPortal = F35B1DBB264EAAD400315997 /* SharedSolar.xcodeproj */;
			proxyType = 2;
			remoteGlobalIDString = F35B1CBF264DF42800315997;
			remoteInfo = "SharedSolar-iOS";
		};
		F35B1DC3264EAAD400315997 /* PBXContainerItemProxy */ = {
			isa = PBXContainerItemProxy;
			containerPortal = F35B1DBB264EAAD400315997 /* SharedSolar.xcodeproj */;
			proxyType = 2;
			remoteGlobalIDString = F35B1D1B264E099C00315997;
			remoteInfo = "SharedSolar-macOS";
		};
		F35B1DC5264EAAD400315997 /* PBXContainerItemProxy */ = {
			isa = PBXContainerItemProxy;
			containerPortal = F35B1DBB264EAAD400315997 /* SharedSolar.xcodeproj */;
			proxyType = 2;
			remoteGlobalIDString = F35B1D6D264E0F4700315997;
			remoteInfo = "SharedSolar-watchOS";
		};
		F35B1DC7264EAADE00315997 /* PBXContainerItemProxy */ = {
			isa = PBXContainerItemProxy;
			containerPortal = F35B1DBB264EAAD400315997 /* SharedSolar.xcodeproj */;
			proxyType = 1;
			remoteGlobalIDString = F35B1CBE264DF42800315997;
			remoteInfo = "SharedSolar-iOS";
		};
		F35B1E2C264EB9DC00315997 /* PBXContainerItemProxy */ = {
			isa = PBXContainerItemProxy;
			containerPortal = F35B1DBB264EAAD400315997 /* SharedSolar.xcodeproj */;
			proxyType = 2;
			remoteGlobalIDString = F35B1E0A264EB44E00315997;
			remoteInfo = "SharedSolar-tvOS";
		};
/* End PBXContainerItemProxy section */

/* Begin PBXCopyFilesBuildPhase section */
		F35B1E33264EC29400315997 /* Embed Frameworks */ = {
			isa = PBXCopyFilesBuildPhase;
			buildActionMask = 2147483647;
			dstPath = "";
			dstSubfolderSpec = 10;
			files = (
				F35B1E32264EC29300315997 /* SharedSolar.framework in Embed Frameworks */,
			);
			name = "Embed Frameworks";
			runOnlyForDeploymentPostprocessing = 0;
		};
/* End PBXCopyFilesBuildPhase section */

/* Begin PBXFileReference section */
		F35B1C7D264DEDEB00315997 /* iOS Example.app */ = {isa = PBXFileReference; explicitFileType = wrapper.application; includeInIndex = 0; path = "iOS Example.app"; sourceTree = BUILT_PRODUCTS_DIR; };
		F35B1C80264DEDEB00315997 /* AppDelegate.swift */ = {isa = PBXFileReference; lastKnownFileType = sourcecode.swift; path = AppDelegate.swift; sourceTree = "<group>"; };
		F35B1C82264DEDEB00315997 /* SceneDelegate.swift */ = {isa = PBXFileReference; lastKnownFileType = sourcecode.swift; path = SceneDelegate.swift; sourceTree = "<group>"; };
		F35B1C84264DEDEB00315997 /* ViewController.swift */ = {isa = PBXFileReference; lastKnownFileType = sourcecode.swift; path = ViewController.swift; sourceTree = "<group>"; };
		F35B1C87264DEDEB00315997 /* Base */ = {isa = PBXFileReference; lastKnownFileType = file.storyboard; name = Base; path = Base.lproj/Main.storyboard; sourceTree = "<group>"; };
		F35B1C89264DEDEC00315997 /* Assets.xcassets */ = {isa = PBXFileReference; lastKnownFileType = folder.assetcatalog; path = Assets.xcassets; sourceTree = "<group>"; };
		F35B1C8C264DEDEC00315997 /* Base */ = {isa = PBXFileReference; lastKnownFileType = file.storyboard; name = Base; path = Base.lproj/LaunchScreen.storyboard; sourceTree = "<group>"; };
		F35B1C8E264DEDEC00315997 /* Info.plist */ = {isa = PBXFileReference; lastKnownFileType = text.plist.xml; path = Info.plist; sourceTree = "<group>"; };
		F35B1DBB264EAAD400315997 /* SharedSolar.xcodeproj */ = {isa = PBXFileReference; lastKnownFileType = "wrapper.pb-project"; name = SharedSolar.xcodeproj; path = ../SharedSolar/SharedSolar.xcodeproj; sourceTree = "<group>"; };
/* End PBXFileReference section */

/* Begin PBXFrameworksBuildPhase section */
		F35B1C7A264DEDEB00315997 /* Frameworks */ = {
			isa = PBXFrameworksBuildPhase;
			buildActionMask = 2147483647;
			files = (
				F35B1E31264EC29300315997 /* SharedSolar.framework in Frameworks */,
			);
			runOnlyForDeploymentPostprocessing = 0;
		};
/* End PBXFrameworksBuildPhase section */

/* Begin PBXGroup section */
		F35B1C74264DEDEB00315997 = {
			isa = PBXGroup;
			children = (
				F35B1C7F264DEDEB00315997 /* iOS Example */,
				F35B1C7E264DEDEB00315997 /* Products */,
				F35B1DBA264EAAD300315997 /* Frameworks */,
			);
			sourceTree = "<group>";
		};
		F35B1C7E264DEDEB00315997 /* Products */ = {
			isa = PBXGroup;
			children = (
				F35B1C7D264DEDEB00315997 /* iOS Example.app */,
			);
			name = Products;
			sourceTree = "<group>";
		};
		F35B1C7F264DEDEB00315997 /* iOS Example */ = {
			isa = PBXGroup;
			children = (
				F35B1C80264DEDEB00315997 /* AppDelegate.swift */,
				F35B1C82264DEDEB00315997 /* SceneDelegate.swift */,
				F35B1C84264DEDEB00315997 /* ViewController.swift */,
				F35B1C86264DEDEB00315997 /* Main.storyboard */,
				F35B1C89264DEDEC00315997 /* Assets.xcassets */,
				F35B1C8B264DEDEC00315997 /* LaunchScreen.storyboard */,
				F35B1C8E264DEDEC00315997 /* Info.plist */,
			);
			path = "iOS Example";
			sourceTree = "<group>";
		};
		F35B1DBA264EAAD300315997 /* Frameworks */ = {
			isa = PBXGroup;
			children = (
				F35B1DBB264EAAD400315997 /* SharedSolar.xcodeproj */,
			);
			name = Frameworks;
			sourceTree = "<group>";
		};
		F35B1DBC264EAAD400315997 /* Products */ = {
			isa = PBXGroup;
			children = (
				F35B1DC2264EAAD400315997 /* SharedSolar.framework */,
				F35B1DC4264EAAD400315997 /* SharedSolar.framework */,
				F35B1DC6264EAAD400315997 /* SharedSolar.framework */,
				F35B1E2D264EB9DC00315997 /* SharedSolar.framework */,
			);
			name = Products;
			sourceTree = "<group>";
		};
/* End PBXGroup section */

/* Begin PBXNativeTarget section */
		F35B1C7C264DEDEB00315997 /* iOS Example */ = {
			isa = PBXNativeTarget;
			buildConfigurationList = F35B1C91264DEDEC00315997 /* Build configuration list for PBXNativeTarget "iOS Example" */;
			buildPhases = (
				F35B1C79264DEDEB00315997 /* Sources */,
				F35B1C7A264DEDEB00315997 /* Frameworks */,
				F35B1C7B264DEDEB00315997 /* Resources */,
				F35B1E33264EC29400315997 /* Embed Frameworks */,
			);
			buildRules = (
			);
			dependencies = (
				F35B1DC8264EAADE00315997 /* PBXTargetDependency */,
			);
			name = "iOS Example";
			productName = "iOS Example";
			productReference = F35B1C7D264DEDEB00315997 /* iOS Example.app */;
			productType = "com.apple.product-type.application";
		};
/* End PBXNativeTarget section */

/* Begin PBXProject section */
		F35B1C75264DEDEB00315997 /* Project object */ = {
			isa = PBXProject;
			attributes = {
				LastSwiftUpdateCheck = 1250;
				LastUpgradeCheck = 1250;
				TargetAttributes = {
					F35B1C7C264DEDEB00315997 = {
						CreatedOnToolsVersion = 12.5;
					};
				};
			};
			buildConfigurationList = F35B1C78264DEDEB00315997 /* Build configuration list for PBXProject "iOS Example" */;
			compatibilityVersion = "Xcode 9.3";
			developmentRegion = en;
			hasScannedForEncodings = 0;
			knownRegions = (
				en,
				Base,
			);
			mainGroup = F35B1C74264DEDEB00315997;
			productRefGroup = F35B1C7E264DEDEB00315997 /* Products */;
			projectDirPath = "";
			projectReferences = (
				{
					ProductGroup = F35B1DBC264EAAD400315997 /* Products */;
					ProjectRef = F35B1DBB264EAAD400315997 /* SharedSolar.xcodeproj */;
				},
			);
			projectRoot = "";
			targets = (
				F35B1C7C264DEDEB00315997 /* iOS Example */,
			);
		};
/* End PBXProject section */

/* Begin PBXReferenceProxy section */
		F35B1DC2264EAAD400315997 /* SharedSolar.framework */ = {
			isa = PBXReferenceProxy;
			fileType = wrapper.framework;
			path = SharedSolar.framework;
			remoteRef = F35B1DC1264EAAD400315997 /* PBXContainerItemProxy */;
			sourceTree = BUILT_PRODUCTS_DIR;
		};
		F35B1DC4264EAAD400315997 /* SharedSolar.framework */ = {
			isa = PBXReferenceProxy;
			fileType = wrapper.framework;
			path = SharedSolar.framework;
			remoteRef = F35B1DC3264EAAD400315997 /* PBXContainerItemProxy */;
			sourceTree = BUILT_PRODUCTS_DIR;
		};
		F35B1DC6264EAAD400315997 /* SharedSolar.framework */ = {
			isa = PBXReferenceProxy;
			fileType = wrapper.framework;
			path = SharedSolar.framework;
			remoteRef = F35B1DC5264EAAD400315997 /* PBXContainerItemProxy */;
			sourceTree = BUILT_PRODUCTS_DIR;
		};
		F35B1E2D264EB9DC00315997 /* SharedSolar.framework */ = {
			isa = PBXReferenceProxy;
			fileType = wrapper.framework;
			path = SharedSolar.framework;
			remoteRef = F35B1E2C264EB9DC00315997 /* PBXContainerItemProxy */;
			sourceTree = BUILT_PRODUCTS_DIR;
		};
/* End PBXReferenceProxy section */

/* Begin PBXResourcesBuildPhase section */
		F35B1C7B264DEDEB00315997 /* Resources */ = {
			isa = PBXResourcesBuildPhase;
			buildActionMask = 2147483647;
			files = (
				F35B1C8D264DEDEC00315997 /* LaunchScreen.storyboard in Resources */,
				F35B1C8A264DEDEC00315997 /* Assets.xcassets in Resources */,
				F35B1C88264DEDEB00315997 /* Main.storyboard in Resources */,
			);
			runOnlyForDeploymentPostprocessing = 0;
		};
/* End PBXResourcesBuildPhase section */

/* Begin PBXSourcesBuildPhase section */
		F35B1C79264DEDEB00315997 /* Sources */ = {
			isa = PBXSourcesBuildPhase;
			buildActionMask = 2147483647;
			files = (
				F35B1C85264DEDEB00315997 /* ViewController.swift in Sources */,
				F35B1C81264DEDEB00315997 /* AppDelegate.swift in Sources */,
				F35B1C83264DEDEB00315997 /* SceneDelegate.swift in Sources */,
			);
			runOnlyForDeploymentPostprocessing = 0;
		};
/* End PBXSourcesBuildPhase section */

/* Begin PBXTargetDependency section */
		F35B1DC8264EAADE00315997 /* PBXTargetDependency */ = {
			isa = PBXTargetDependency;
			name = "SharedSolar-iOS";
			targetProxy = F35B1DC7264EAADE00315997 /* PBXContainerItemProxy */;
		};
/* End PBXTargetDependency section */

/* Begin PBXVariantGroup section */
		F35B1C86264DEDEB00315997 /* Main.storyboard */ = {
			isa = PBXVariantGroup;
			children = (
				F35B1C87264DEDEB00315997 /* Base */,
			);
			name = Main.storyboard;
			sourceTree = "<group>";
		};
		F35B1C8B264DEDEC00315997 /* LaunchScreen.storyboard */ = {
			isa = PBXVariantGroup;
			children = (
				F35B1C8C264DEDEC00315997 /* Base */,
			);
			name = LaunchScreen.storyboard;
			sourceTree = "<group>";
		};
/* End PBXVariantGroup section */

/* Begin XCBuildConfiguration section */
		F35B1C8F264DEDEC00315997 /* Debug */ = {
			isa = XCBuildConfiguration;
			buildSettings = {
				ALWAYS_SEARCH_USER_PATHS = NO;
				CLANG_ANALYZER_NONNULL = YES;
				CLANG_ANALYZER_NUMBER_OBJECT_CONVERSION = YES_AGGRESSIVE;
				CLANG_CXX_LANGUAGE_STANDARD = "gnu++14";
				CLANG_CXX_LIBRARY = "libc++";
				CLANG_ENABLE_MODULES = YES;
				CLANG_ENABLE_OBJC_ARC = YES;
				CLANG_ENABLE_OBJC_WEAK = YES;
				CLANG_WARN_BLOCK_CAPTURE_AUTORELEASING = YES;
				CLANG_WARN_BOOL_CONVERSION = YES;
				CLANG_WARN_COMMA = YES;
				CLANG_WARN_CONSTANT_CONVERSION = YES;
				CLANG_WARN_DEPRECATED_OBJC_IMPLEMENTATIONS = YES;
				CLANG_WARN_DIRECT_OBJC_ISA_USAGE = YES_ERROR;
				CLANG_WARN_DOCUMENTATION_COMMENTS = YES;
				CLANG_WARN_EMPTY_BODY = YES;
				CLANG_WARN_ENUM_CONVERSION = YES;
				CLANG_WARN_INFINITE_RECURSION = YES;
				CLANG_WARN_INT_CONVERSION = YES;
				CLANG_WARN_NON_LITERAL_NULL_CONVERSION = YES;
				CLANG_WARN_OBJC_IMPLICIT_RETAIN_SELF = YES;
				CLANG_WARN_OBJC_LITERAL_CONVERSION = YES;
				CLANG_WARN_OBJC_ROOT_CLASS = YES_ERROR;
				CLANG_WARN_QUOTED_INCLUDE_IN_FRAMEWORK_HEADER = YES;
				CLANG_WARN_RANGE_LOOP_ANALYSIS = YES;
				CLANG_WARN_STRICT_PROTOTYPES = YES;
				CLANG_WARN_SUSPICIOUS_MOVE = YES;
				CLANG_WARN_UNGUARDED_AVAILABILITY = YES_AGGRESSIVE;
				CLANG_WARN_UNREACHABLE_CODE = YES;
				CLANG_WARN__DUPLICATE_METHOD_MATCH = YES;
				COPY_PHASE_STRIP = NO;
				DEBUG_INFORMATION_FORMAT = dwarf;
				ENABLE_STRICT_OBJC_MSGSEND = YES;
				ENABLE_TESTABILITY = YES;
				GCC_C_LANGUAGE_STANDARD = gnu11;
				GCC_DYNAMIC_NO_PIC = NO;
				GCC_NO_COMMON_BLOCKS = YES;
				GCC_OPTIMIZATION_LEVEL = 0;
				GCC_PREPROCESSOR_DEFINITIONS = (
					"DEBUG=1",
					"$(inherited)",
				);
				GCC_WARN_64_TO_32_BIT_CONVERSION = YES;
				GCC_WARN_ABOUT_RETURN_TYPE = YES_ERROR;
				GCC_WARN_UNDECLARED_SELECTOR = YES;
				GCC_WARN_UNINITIALIZED_AUTOS = YES_AGGRESSIVE;
				GCC_WARN_UNUSED_FUNCTION = YES;
				GCC_WARN_UNUSED_VARIABLE = YES;
				IPHONEOS_DEPLOYMENT_TARGET = 13.0;
				MTL_ENABLE_DEBUG_INFO = INCLUDE_SOURCE;
				MTL_FAST_MATH = YES;
				ONLY_ACTIVE_ARCH = YES;
				SDKROOT = iphoneos;
				SWIFT_ACTIVE_COMPILATION_CONDITIONS = DEBUG;
				SWIFT_OPTIMIZATION_LEVEL = "-Onone";
			};
			name = Debug;
		};
		F35B1C90264DEDEC00315997 /* Release */ = {
			isa = XCBuildConfiguration;
			buildSettings = {
				ALWAYS_SEARCH_USER_PATHS = NO;
				CLANG_ANALYZER_NONNULL = YES;
				CLANG_ANALYZER_NUMBER_OBJECT_CONVERSION = YES_AGGRESSIVE;
				CLANG_CXX_LANGUAGE_STANDARD = "gnu++14";
				CLANG_CXX_LIBRARY = "libc++";
				CLANG_ENABLE_MODULES = YES;
				CLANG_ENABLE_OBJC_ARC = YES;
				CLANG_ENABLE_OBJC_WEAK = YES;
				CLANG_WARN_BLOCK_CAPTURE_AUTORELEASING = YES;
				CLANG_WARN_BOOL_CONVERSION = YES;
				CLANG_WARN_COMMA = YES;
				CLANG_WARN_CONSTANT_CONVERSION = YES;
				CLANG_WARN_DEPRECATED_OBJC_IMPLEMENTATIONS = YES;
				CLANG_WARN_DIRECT_OBJC_ISA_USAGE = YES_ERROR;
				CLANG_WARN_DOCUMENTATION_COMMENTS = YES;
				CLANG_WARN_EMPTY_BODY = YES;
				CLANG_WARN_ENUM_CONVERSION = YES;
				CLANG_WARN_INFINITE_RECURSION = YES;
				CLANG_WARN_INT_CONVERSION = YES;
				CLANG_WARN_NON_LITERAL_NULL_CONVERSION = YES;
				CLANG_WARN_OBJC_IMPLICIT_RETAIN_SELF = YES;
				CLANG_WARN_OBJC_LITERAL_CONVERSION = YES;
				CLANG_WARN_OBJC_ROOT_CLASS = YES_ERROR;
				CLANG_WARN_QUOTED_INCLUDE_IN_FRAMEWORK_HEADER = YES;
				CLANG_WARN_RANGE_LOOP_ANALYSIS = YES;
				CLANG_WARN_STRICT_PROTOTYPES = YES;
				CLANG_WARN_SUSPICIOUS_MOVE = YES;
				CLANG_WARN_UNGUARDED_AVAILABILITY = YES_AGGRESSIVE;
				CLANG_WARN_UNREACHABLE_CODE = YES;
				CLANG_WARN__DUPLICATE_METHOD_MATCH = YES;
				COPY_PHASE_STRIP = NO;
				DEBUG_INFORMATION_FORMAT = "dwarf-with-dsym";
				ENABLE_NS_ASSERTIONS = NO;
				ENABLE_STRICT_OBJC_MSGSEND = YES;
				GCC_C_LANGUAGE_STANDARD = gnu11;
				GCC_NO_COMMON_BLOCKS = YES;
				GCC_WARN_64_TO_32_BIT_CONVERSION = YES;
				GCC_WARN_ABOUT_RETURN_TYPE = YES_ERROR;
				GCC_WARN_UNDECLARED_SELECTOR = YES;
				GCC_WARN_UNINITIALIZED_AUTOS = YES_AGGRESSIVE;
				GCC_WARN_UNUSED_FUNCTION = YES;
				GCC_WARN_UNUSED_VARIABLE = YES;
				IPHONEOS_DEPLOYMENT_TARGET = 13.0;
				MTL_ENABLE_DEBUG_INFO = NO;
				MTL_FAST_MATH = YES;
				SDKROOT = iphoneos;
				SWIFT_COMPILATION_MODE = wholemodule;
				SWIFT_OPTIMIZATION_LEVEL = "-O";
				VALIDATE_PRODUCT = YES;
			};
			name = Release;
		};
		F35B1C92264DEDEC00315997 /* Debug */ = {
			isa = XCBuildConfiguration;
			buildSettings = {
				ASSETCATALOG_COMPILER_APPICON_NAME = AppIcon;
				ASSETCATALOG_COMPILER_GLOBAL_ACCENT_COLOR_NAME = AccentColor;
				CODE_SIGN_IDENTITY = "Apple Development";
				CODE_SIGN_STYLE = Manual;
				DEVELOPMENT_TEAM = "";
				INFOPLIST_FILE = "iOS Example/Info.plist";
				IPHONEOS_DEPLOYMENT_TARGET = 13.0;
				LD_RUNPATH_SEARCH_PATHS = (
					"$(inherited)",
					"@executable_path/Frameworks",
				);
				MACOSX_DEPLOYMENT_TARGET = "";
				PRODUCT_BUNDLE_IDENTIFIER = "com.rlxone.iOS-Example";
				PRODUCT_NAME = "$(TARGET_NAME)";
				PROVISIONING_PROFILE_SPECIFIER = "";
				SWIFT_VERSION = 5.0;
				TARGETED_DEVICE_FAMILY = "1,2";
				TVOS_DEPLOYMENT_TARGET = "";
				WATCHOS_DEPLOYMENT_TARGET = "";
			};
			name = Debug;
		};
		F35B1C93264DEDEC00315997 /* Release */ = {
			isa = XCBuildConfiguration;
			buildSettings = {
				ASSETCATALOG_COMPILER_APPICON_NAME = AppIcon;
				ASSETCATALOG_COMPILER_GLOBAL_ACCENT_COLOR_NAME = AccentColor;
				CODE_SIGN_IDENTITY = "Apple Development";
				CODE_SIGN_STYLE = Manual;
				DEVELOPMENT_TEAM = "";
				INFOPLIST_FILE = "iOS Example/Info.plist";
				IPHONEOS_DEPLOYMENT_TARGET = 13.0;
				LD_RUNPATH_SEARCH_PATHS = (
					"$(inherited)",
					"@executable_path/Frameworks",
				);
				MACOSX_DEPLOYMENT_TARGET = "";
				PRODUCT_BUNDLE_IDENTIFIER = "com.rlxone.iOS-Example";
				PRODUCT_NAME = "$(TARGET_NAME)";
				PROVISIONING_PROFILE_SPECIFIER = "";
				SWIFT_VERSION = 5.0;
				TARGETED_DEVICE_FAMILY = "1,2";
				TVOS_DEPLOYMENT_TARGET = "";
				WATCHOS_DEPLOYMENT_TARGET = "";
			};
			name = Release;
		};
/* End XCBuildConfiguration section */

/* Begin XCConfigurationList section */
		F35B1C78264DEDEB00315997 /* Build configuration list for PBXProject "iOS Example" */ = {
			isa = XCConfigurationList;
			buildConfigurations = (
				F35B1C8F264DEDEC00315997 /* Debug */,
				F35B1C90264DEDEC00315997 /* Release */,
			);
			defaultConfigurationIsVisible = 0;
			defaultConfigurationName = Release;
		};
		F35B1C91264DEDEC00315997 /* Build configuration list for PBXNativeTarget "iOS Example" */ = {
			isa = XCConfigurationList;
			buildConfigurations = (
				F35B1C92264DEDEC00315997 /* Debug */,
				F35B1C93264DEDEC00315997 /* Release */,
			);
			defaultConfigurationIsVisible = 0;
			defaultConfigurationName = Release;
		};
/* End XCConfigurationList section */
	};
	rootObject = F35B1C75264DEDEB00315997 /* Project object */;
}
